
Microsoft Visual Studio Solution File, Format Version 12.00
# Visual Studio Version 17
VisualStudioVersion = 17.4.33213.308
MinimumVisualStudioVersion = 10.0.40219.1
Project("{FAE04EC0-301F-11D3-BF4B-00C04F79EFBC}") = "Warehouse.Api", "Warehouse.Api\Warehouse.Api.csproj", "{276CEFBC-4D14-467D-8DBA-D20F5A05F378}"
EndProject
Project("{FAE04EC0-301F-11D3-BF4B-00C04F79EFBC}") = "Warehouse.Domain", "..\Warehouse.Domain\Warehouse.Domain.csproj", "{34DF3566-A467-4214-A296-3A544256253A}"
EndProject
Project("{FAE04EC0-301F-11D3-BF4B-00C04F79EFBC}") = "Warehouse.DataContext", "..\Warehouse.DataContext\Warehouse.DataContext.csproj", "{62584D1B-9781-4AB6-AB0C-17662220A666}"
EndProject
Project("{FAE04EC0-301F-11D3-BF4B-00C04F79EFBC}") = "Warehouse.Application", "..\Warehouse.Application\Warehouse.Application.csproj", "{50C8C720-CB88-4C19-BD1B-B1848FC615DA}"
EndProject
Global
	GlobalSection(SolutionConfigurationPlatforms) = preSolution
		Debug|Any CPU = Debug|Any CPU
		Release|Any CPU = Release|Any CPU
	EndGlobalSection
	GlobalSection(ProjectConfigurationPlatforms) = postSolution
		{276CEFBC-4D14-467D-8DBA-D20F5A05F378}.Debug|Any CPU.ActiveCfg = Debug|Any CPU
		{276CEFBC-4D14-467D-8DBA-D20F5A05F378}.Debug|Any CPU.Build.0 = Debug|Any CPU
		{276CEFBC-4D14-467D-8DBA-D20F5A05F378}.Release|Any CPU.ActiveCfg = Release|Any CPU
		{276CEFBC-4D14-467D-8DBA-D20F5A05F378}.Release|Any CPU.Build.0 = Release|Any CPU
		{34DF3566-A467-4214-A296-3A544256253A}.Debug|Any CPU.ActiveCfg = Debug|Any CPU
		{34DF3566-A467-4214-A296-3A544256253A}.Debug|Any CPU.Build.0 = Debug|Any CPU
		{34DF3566-A467-4214-A296-3A544256253A}.Release|Any CPU.ActiveCfg = Release|Any CPU
		{34DF3566-A467-4214-A296-3A544256253A}.Release|Any CPU.Build.0 = Release|Any CPU
		{62584D1B-9781-4AB6-AB0C-17662220A666}.Debug|Any CPU.ActiveCfg = Debug|Any CPU
		{62584D1B-9781-4AB6-AB0C-17662220A666}.Debug|Any CPU.Build.0 = Debug|Any CPU
		{62584D1B-9781-4AB6-AB0C-17662220A666}.Release|Any CPU.ActiveCfg = Release|Any CPU
		{62584D1B-9781-4AB6-AB0C-17662220A666}.Release|Any CPU.Build.0 = Release|Any CPU
		{50C8C720-CB88-4C19-BD1B-B1848FC615DA}.Debug|Any CPU.ActiveCfg = Debug|Any CPU
		{50C8C720-CB88-4C19-BD1B-B1848FC615DA}.Debug|Any CPU.Build.0 = Debug|Any CPU
		{50C8C720-CB88-4C19-BD1B-B1848FC615DA}.Release|Any CPU.ActiveCfg = Release|Any CPU
		{50C8C720-CB88-4C19-BD1B-B1848FC615DA}.Release|Any CPU.Build.0 = Release|Any CPU
	EndGlobalSection
	GlobalSection(SolutionProperties) = preSolution
		HideSolutionNode = FALSE
	EndGlobalSection
	GlobalSection(ExtensibilityGlobals) = postSolution
		SolutionGuid = {27F3376C-B183-42B3-A3A0-0A042B403E07}
	EndGlobalSection
EndGlobal
